// !$*UTF8*$!
{
	archiveVersion = 1;
	classes = {
	};
	objectVersion = 50;
	objects = {

/* Begin PBXBuildFile section */
		A58F05C124881CEA006BDE56 /* AppDelegate.swift in Sources */ = {isa = PBXBuildFile; fileRef = A58F05C024881CEA006BDE56 /* AppDelegate.swift */; };
		A58F05C324881CEA006BDE56 /* SceneDelegate.swift in Sources */ = {isa = PBXBuildFile; fileRef = A58F05C224881CEA006BDE56 /* SceneDelegate.swift */; };
		A58F05C524881CEA006BDE56 /* MainViewController.swift in Sources */ = {isa = PBXBuildFile; fileRef = A58F05C424881CEA006BDE56 /* MainViewController.swift */; };
		A58F05C824881CEA006BDE56 /* Main.storyboard in Resources */ = {isa = PBXBuildFile; fileRef = A58F05C624881CEA006BDE56 /* Main.storyboard */; };
		A58F05CB24881CEA006BDE56 /* mvp_test.xcdatamodeld in Sources */ = {isa = PBXBuildFile; fileRef = A58F05C924881CEA006BDE56 /* mvp_test.xcdatamodeld */; };
		A58F05CD24881CEC006BDE56 /* Assets.xcassets in Resources */ = {isa = PBXBuildFile; fileRef = A58F05CC24881CEC006BDE56 /* Assets.xcassets */; };
		A58F05D024881CEC006BDE56 /* LaunchScreen.storyboard in Resources */ = {isa = PBXBuildFile; fileRef = A58F05CE24881CEC006BDE56 /* LaunchScreen.storyboard */; };
		A58F05DB24881CED006BDE56 /* mvp_testTests.swift in Sources */ = {isa = PBXBuildFile; fileRef = A58F05DA24881CED006BDE56 /* mvp_testTests.swift */; };
		A58F05E624881D84006BDE56 /* Person.swift in Sources */ = {isa = PBXBuildFile; fileRef = A58F05E524881D84006BDE56 /* Person.swift */; };
		A58F05E824881E09006BDE56 /* MainPresenter.swift in Sources */ = {isa = PBXBuildFile; fileRef = A58F05E724881E09006BDE56 /* MainPresenter.swift */; };
		A58F05EE24882489006BDE56 /* MainViewController.xib in Resources */ = {isa = PBXBuildFile; fileRef = A58F05ED24882489006BDE56 /* MainViewController.xib */; };
		A58F05F0248825A8006BDE56 /* ModuleBuilder.swift in Sources */ = {isa = PBXBuildFile; fileRef = A58F05EF248825A8006BDE56 /* ModuleBuilder.swift */; };
/* End PBXBuildFile section */

/* Begin PBXContainerItemProxy section */
		A58F05D724881CED006BDE56 /* PBXContainerItemProxy */ = {
			isa = PBXContainerItemProxy;
			containerPortal = A58F05B524881CEA006BDE56 /* Project object */;
			proxyType = 1;
			remoteGlobalIDString = A58F05BC24881CEA006BDE56;
			remoteInfo = mvp_test;
		};
/* End PBXContainerItemProxy section */

/* Begin PBXFileReference section */
		A58F05BD24881CEA006BDE56 /* mvp_test.app */ = {isa = PBXFileReference; explicitFileType = wrapper.application; includeInIndex = 0; path = mvp_test.app; sourceTree = BUILT_PRODUCTS_DIR; };
		A58F05C024881CEA006BDE56 /* AppDelegate.swift */ = {isa = PBXFileReference; lastKnownFileType = sourcecode.swift; path = AppDelegate.swift; sourceTree = "<group>"; };
		A58F05C224881CEA006BDE56 /* SceneDelegate.swift */ = {isa = PBXFileReference; lastKnownFileType = sourcecode.swift; path = SceneDelegate.swift; sourceTree = "<group>"; };
		A58F05C424881CEA006BDE56 /* MainViewController.swift */ = {isa = PBXFileReference; lastKnownFileType = sourcecode.swift; path = MainViewController.swift; sourceTree = "<group>"; };
		A58F05C724881CEA006BDE56 /* Base */ = {isa = PBXFileReference; lastKnownFileType = file.storyboard; name = Base; path = Base.lproj/Main.storyboard; sourceTree = "<group>"; };
		A58F05CA24881CEA006BDE56 /* mvp_test.xcdatamodel */ = {isa = PBXFileReference; lastKnownFileType = wrapper.xcdatamodel; path = mvp_test.xcdatamodel; sourceTree = "<group>"; };
		A58F05CC24881CEC006BDE56 /* Assets.xcassets */ = {isa = PBXFileReference; lastKnownFileType = folder.assetcatalog; path = Assets.xcassets; sourceTree = "<group>"; };
		A58F05CF24881CEC006BDE56 /* Base */ = {isa = PBXFileReference; lastKnownFileType = file.storyboard; name = Base; path = Base.lproj/LaunchScreen.storyboard; sourceTree = "<group>"; };
		A58F05D124881CEC006BDE56 /* Info.plist */ = {isa = PBXFileReference; lastKnownFileType = text.plist.xml; path = Info.plist; sourceTree = "<group>"; };
		A58F05D624881CED006BDE56 /* mvp_testTests.xctest */ = {isa = PBXFileReference; explicitFileType = wrapper.cfbundle; includeInIndex = 0; path = mvp_testTests.xctest; sourceTree = BUILT_PRODUCTS_DIR; };
		A58F05DA24881CED006BDE56 /* mvp_testTests.swift */ = {isa = PBXFileReference; lastKnownFileType = sourcecode.swift; path = mvp_testTests.swift; sourceTree = "<group>"; };
		A58F05DC24881CED006BDE56 /* Info.plist */ = {isa = PBXFileReference; lastKnownFileType = text.plist.xml; path = Info.plist; sourceTree = "<group>"; };
		A58F05E524881D84006BDE56 /* Person.swift */ = {isa = PBXFileReference; lastKnownFileType = sourcecode.swift; path = Person.swift; sourceTree = "<group>"; };
		A58F05E724881E09006BDE56 /* MainPresenter.swift */ = {isa = PBXFileReference; lastKnownFileType = sourcecode.swift; path = MainPresenter.swift; sourceTree = "<group>"; };
		A58F05ED24882489006BDE56 /* MainViewController.xib */ = {isa = PBXFileReference; lastKnownFileType = file.xib; path = MainViewController.xib; sourceTree = "<group>"; };
		A58F05EF248825A8006BDE56 /* ModuleBuilder.swift */ = {isa = PBXFileReference; lastKnownFileType = sourcecode.swift; path = ModuleBuilder.swift; sourceTree = "<group>"; };
/* End PBXFileReference section */

/* Begin PBXFrameworksBuildPhase section */
		A58F05BA24881CEA006BDE56 /* Frameworks */ = {
			isa = PBXFrameworksBuildPhase;
			buildActionMask = 2147483647;
			files = (
			);
			runOnlyForDeploymentPostprocessing = 0;
		};
		A58F05D324881CED006BDE56 /* Frameworks */ = {
			isa = PBXFrameworksBuildPhase;
			buildActionMask = 2147483647;
			files = (
			);
			runOnlyForDeploymentPostprocessing = 0;
		};
/* End PBXFrameworksBuildPhase section */

/* Begin PBXGroup section */
		A58F05B424881CEA006BDE56 = {
			isa = PBXGroup;
			children = (
				A58F05BF24881CEA006BDE56 /* mvp_test */,
				A58F05D924881CED006BDE56 /* mvp_testTests */,
				A58F05BE24881CEA006BDE56 /* Products */,
			);
			sourceTree = "<group>";
		};
		A58F05BE24881CEA006BDE56 /* Products */ = {
			isa = PBXGroup;
			children = (
				A58F05BD24881CEA006BDE56 /* mvp_test.app */,
				A58F05D624881CED006BDE56 /* mvp_testTests.xctest */,
			);
			name = Products;
			sourceTree = "<group>";
		};
		A58F05BF24881CEA006BDE56 /* mvp_test */ = {
			isa = PBXGroup;
			children = (
				A58F05C024881CEA006BDE56 /* AppDelegate.swift */,
				A58F05C224881CEA006BDE56 /* SceneDelegate.swift */,
				A58F05EF248825A8006BDE56 /* ModuleBuilder.swift */,
				A58F05E9248823EF006BDE56 /* MainModule */,
				A58F05C624881CEA006BDE56 /* Main.storyboard */,
				A58F05CC24881CEC006BDE56 /* Assets.xcassets */,
				A58F05CE24881CEC006BDE56 /* LaunchScreen.storyboard */,
				A58F05D124881CEC006BDE56 /* Info.plist */,
				A58F05C924881CEA006BDE56 /* mvp_test.xcdatamodeld */,
			);
			path = mvp_test;
			sourceTree = "<group>";
		};
		A58F05D924881CED006BDE56 /* mvp_testTests */ = {
			isa = PBXGroup;
			children = (
				A58F05DA24881CED006BDE56 /* mvp_testTests.swift */,
				A58F05DC24881CED006BDE56 /* Info.plist */,
			);
			path = mvp_testTests;
			sourceTree = "<group>";
		};
		A58F05E9248823EF006BDE56 /* MainModule */ = {
			isa = PBXGroup;
			children = (
				A58F05EA2488240F006BDE56 /* View */,
				A58F05EB24882427006BDE56 /* Model */,
				A58F05EC24882432006BDE56 /* Presentor */,
			);
			path = MainModule;
			sourceTree = "<group>";
		};
		A58F05EA2488240F006BDE56 /* View */ = {
			isa = PBXGroup;
			children = (
				A58F05C424881CEA006BDE56 /* MainViewController.swift */,
				A58F05ED24882489006BDE56 /* MainViewController.xib */,
			);
			path = View;
			sourceTree = "<group>";
		};
		A58F05EB24882427006BDE56 /* Model */ = {
			isa = PBXGroup;
			children = (
				A58F05E524881D84006BDE56 /* Person.swift */,
			);
			path = Model;
			sourceTree = "<group>";
		};
		A58F05EC24882432006BDE56 /* Presentor */ = {
			isa = PBXGroup;
			children = (
				A58F05E724881E09006BDE56 /* MainPresenter.swift */,
			);
			path = Presentor;
			sourceTree = "<group>";
		};
/* End PBXGroup section */

/* Begin PBXNativeTarget section */
		A58F05BC24881CEA006BDE56 /* mvp_test */ = {
			isa = PBXNativeTarget;
			buildConfigurationList = A58F05DF24881CED006BDE56 /* Build configuration list for PBXNativeTarget "mvp_test" */;
			buildPhases = (
				A58F05B924881CEA006BDE56 /* Sources */,
				A58F05BA24881CEA006BDE56 /* Frameworks */,
				A58F05BB24881CEA006BDE56 /* Resources */,
			);
			buildRules = (
			);
			dependencies = (
			);
			name = mvp_test;
			productName = mvp_test;
			productReference = A58F05BD24881CEA006BDE56 /* mvp_test.app */;
			productType = "com.apple.product-type.application";
		};
		A58F05D524881CED006BDE56 /* mvp_testTests */ = {
			isa = PBXNativeTarget;
			buildConfigurationList = A58F05E224881CED006BDE56 /* Build configuration list for PBXNativeTarget "mvp_testTests" */;
			buildPhases = (
				A58F05D224881CED006BDE56 /* Sources */,
				A58F05D324881CED006BDE56 /* Frameworks */,
				A58F05D424881CED006BDE56 /* Resources */,
			);
			buildRules = (
			);
			dependencies = (
				A58F05D824881CED006BDE56 /* PBXTargetDependency */,
			);
			name = mvp_testTests;
			productName = mvp_testTests;
			productReference = A58F05D624881CED006BDE56 /* mvp_testTests.xctest */;
			productType = "com.apple.product-type.bundle.unit-test";
		};
/* End PBXNativeTarget section */

/* Begin PBXProject section */
		A58F05B524881CEA006BDE56 /* Project object */ = {
			isa = PBXProject;
			attributes = {
				LastSwiftUpdateCheck = 1150;
				LastUpgradeCheck = 1150;
				ORGANIZATIONNAME = Sergey;
				TargetAttributes = {
					A58F05BC24881CEA006BDE56 = {
						CreatedOnToolsVersion = 11.5;
					};
					A58F05D524881CED006BDE56 = {
						CreatedOnToolsVersion = 11.5;
						TestTargetID = A58F05BC24881CEA006BDE56;
					};
				};
			};
			buildConfigurationList = A58F05B824881CEA006BDE56 /* Build configuration list for PBXProject "mvp_test" */;
			compatibilityVersion = "Xcode 9.3";
			developmentRegion = en;
			hasScannedForEncodings = 0;
			knownRegions = (
				en,
				Base,
			);
			mainGroup = A58F05B424881CEA006BDE56;
			productRefGroup = A58F05BE24881CEA006BDE56 /* Products */;
			projectDirPath = "";
			projectRoot = "";
			targets = (
				A58F05BC24881CEA006BDE56 /* mvp_test */,
				A58F05D524881CED006BDE56 /* mvp_testTests */,
			);
		};
/* End PBXProject section */

/* Begin PBXResourcesBuildPhase section */
		A58F05BB24881CEA006BDE56 /* Resources */ = {
			isa = PBXResourcesBuildPhase;
			buildActionMask = 2147483647;
			files = (
				A58F05D024881CEC006BDE56 /* LaunchScreen.storyboard in Resources */,
				A58F05CD24881CEC006BDE56 /* Assets.xcassets in Resources */,
				A58F05C824881CEA006BDE56 /* Main.storyboard in Resources */,
				A58F05EE24882489006BDE56 /* MainViewController.xib in Resources */,
			);
			runOnlyForDeploymentPostprocessing = 0;
		};
		A58F05D424881CED006BDE56 /* Resources */ = {
			isa = PBXResourcesBuildPhase;
			buildActionMask = 2147483647;
			files = (
			);
			runOnlyForDeploymentPostprocessing = 0;
		};
/* End PBXResourcesBuildPhase section */

/* Begin PBXSourcesBuildPhase section */
		A58F05B924881CEA006BDE56 /* Sources */ = {
			isa = PBXSourcesBuildPhase;
			buildActionMask = 2147483647;
			files = (
				A58F05E624881D84006BDE56 /* Person.swift in Sources */,
				A58F05E824881E09006BDE56 /* MainPresenter.swift in Sources */,
				A58F05C524881CEA006BDE56 /* MainViewController.swift in Sources */,
				A58F05C124881CEA006BDE56 /* AppDelegate.swift in Sources */,
				A58F05F0248825A8006BDE56 /* ModuleBuilder.swift in Sources */,
				A58F05C324881CEA006BDE56 /* SceneDelegate.swift in Sources */,
				A58F05CB24881CEA006BDE56 /* mvp_test.xcdatamodeld in Sources */,
			);
			runOnlyForDeploymentPostprocessing = 0;
		};
		A58F05D224881CED006BDE56 /* Sources */ = {
			isa = PBXSourcesBuildPhase;
			buildActionMask = 2147483647;
			files = (
				A58F05DB24881CED006BDE56 /* mvp_testTests.swift in Sources */,
			);
			runOnlyForDeploymentPostprocessing = 0;
		};
/* End PBXSourcesBuildPhase section */

/* Begin PBXTargetDependency section */
		A58F05D824881CED006BDE56 /* PBXTargetDependency */ = {
			isa = PBXTargetDependency;
			target = A58F05BC24881CEA006BDE56 /* mvp_test */;
			targetProxy = A58F05D724881CED006BDE56 /* PBXContainerItemProxy */;
		};
/* End PBXTargetDependency section */

/* Begin PBXVariantGroup section */
		A58F05C624881CEA006BDE56 /* Main.storyboard */ = {
			isa = PBXVariantGroup;
			children = (
				A58F05C724881CEA006BDE56 /* Base */,
			);
			name = Main.storyboard;
			sourceTree = "<group>";
		};
		A58F05CE24881CEC006BDE56 /* LaunchScreen.storyboard */ = {
			isa = PBXVariantGroup;
			children = (
				A58F05CF24881CEC006BDE56 /* Base */,
			);
			name = LaunchScreen.storyboard;
			sourceTree = "<group>";
		};
/* End PBXVariantGroup section */

/* Begin XCBuildConfiguration section */
		A58F05DD24881CED006BDE56 /* Debug */ = {
			isa = XCBuildConfiguration;
			buildSettings = {
				ALWAYS_SEARCH_USER_PATHS = NO;
				CLANG_ANALYZER_NONNULL = YES;
				CLANG_ANALYZER_NUMBER_OBJECT_CONVERSION = YES_AGGRESSIVE;
				CLANG_CXX_LANGUAGE_STANDARD = "gnu++14";
				CLANG_CXX_LIBRARY = "libc++";
				CLANG_ENABLE_MODULES = YES;
				CLANG_ENABLE_OBJC_ARC = YES;
				CLANG_ENABLE_OBJC_WEAK = YES;
				CLANG_WARN_BLOCK_CAPTURE_AUTORELEASING = YES;
				CLANG_WARN_BOOL_CONVERSION = YES;
				CLANG_WARN_COMMA = YES;
				CLANG_WARN_CONSTANT_CONVERSION = YES;
				CLANG_WARN_DEPRECATED_OBJC_IMPLEMENTATIONS = YES;
				CLANG_WARN_DIRECT_OBJC_ISA_USAGE = YES_ERROR;
				CLANG_WARN_DOCUMENTATION_COMMENTS = YES;
				CLANG_WARN_EMPTY_BODY = YES;
				CLANG_WARN_ENUM_CONVERSION = YES;
				CLANG_WARN_INFINITE_RECURSION = YES;
				CLANG_WARN_INT_CONVERSION = YES;
				CLANG_WARN_NON_LITERAL_NULL_CONVERSION = YES;
				CLANG_WARN_OBJC_IMPLICIT_RETAIN_SELF = YES;
				CLANG_WARN_OBJC_LITERAL_CONVERSION = YES;
				CLANG_WARN_OBJC_ROOT_CLASS = YES_ERROR;
				CLANG_WARN_RANGE_LOOP_ANALYSIS = YES;
				CLANG_WARN_STRICT_PROTOTYPES = YES;
				CLANG_WARN_SUSPICIOUS_MOVE = YES;
				CLANG_WARN_UNGUARDED_AVAILABILITY = YES_AGGRESSIVE;
				CLANG_WARN_UNREACHABLE_CODE = YES;
				CLANG_WARN__DUPLICATE_METHOD_MATCH = YES;
				COPY_PHASE_STRIP = NO;
				DEBUG_INFORMATION_FORMAT = dwarf;
				ENABLE_STRICT_OBJC_MSGSEND = YES;
				ENABLE_TESTABILITY = YES;
				GCC_C_LANGUAGE_STANDARD = gnu11;
				GCC_DYNAMIC_NO_PIC = NO;
				GCC_NO_COMMON_BLOCKS = YES;
				GCC_OPTIMIZATION_LEVEL = 0;
				GCC_PREPROCESSOR_DEFINITIONS = (
					"DEBUG=1",
					"$(inherited)",
				);
				GCC_WARN_64_TO_32_BIT_CONVERSION = YES;
				GCC_WARN_ABOUT_RETURN_TYPE = YES_ERROR;
				GCC_WARN_UNDECLARED_SELECTOR = YES;
				GCC_WARN_UNINITIALIZED_AUTOS = YES_AGGRESSIVE;
				GCC_WARN_UNUSED_FUNCTION = YES;
				GCC_WARN_UNUSED_VARIABLE = YES;
				IPHONEOS_DEPLOYMENT_TARGET = 13.5;
				MTL_ENABLE_DEBUG_INFO = INCLUDE_SOURCE;
				MTL_FAST_MATH = YES;
				ONLY_ACTIVE_ARCH = YES;
				SDKROOT = iphoneos;
				SWIFT_ACTIVE_COMPILATION_CONDITIONS = DEBUG;
				SWIFT_OPTIMIZATION_LEVEL = "-Onone";
			};
			name = Debug;
		};
		A58F05DE24881CED006BDE56 /* Release */ = {
			isa = XCBuildConfiguration;
			buildSettings = {
				ALWAYS_SEARCH_USER_PATHS = NO;
				CLANG_ANALYZER_NONNULL = YES;
				CLANG_ANALYZER_NUMBER_OBJECT_CONVERSION = YES_AGGRESSIVE;
				CLANG_CXX_LANGUAGE_STANDARD = "gnu++14";
				CLANG_CXX_LIBRARY = "libc++";
				CLANG_ENABLE_MODULES = YES;
				CLANG_ENABLE_OBJC_ARC = YES;
				CLANG_ENABLE_OBJC_WEAK = YES;
				CLANG_WARN_BLOCK_CAPTURE_AUTORELEASING = YES;
				CLANG_WARN_BOOL_CONVERSION = YES;
				CLANG_WARN_COMMA = YES;
				CLANG_WARN_CONSTANT_CONVERSION = YES;
				CLANG_WARN_DEPRECATED_OBJC_IMPLEMENTATIONS = YES;
				CLANG_WARN_DIRECT_OBJC_ISA_USAGE = YES_ERROR;
				CLANG_WARN_DOCUMENTATION_COMMENTS = YES;
				CLANG_WARN_EMPTY_BODY = YES;
				CLANG_WARN_ENUM_CONVERSION = YES;
				CLANG_WARN_INFINITE_RECURSION = YES;
				CLANG_WARN_INT_CONVERSION = YES;
				CLANG_WARN_NON_LITERAL_NULL_CONVERSION = YES;
				CLANG_WARN_OBJC_IMPLICIT_RETAIN_SELF = YES;
				CLANG_WARN_OBJC_LITERAL_CONVERSION = YES;
				CLANG_WARN_OBJC_ROOT_CLASS = YES_ERROR;
				CLANG_WARN_RANGE_LOOP_ANALYSIS = YES;
				CLANG_WARN_STRICT_PROTOTYPES = YES;
				CLANG_WARN_SUSPICIOUS_MOVE = YES;
				CLANG_WARN_UNGUARDED_AVAILABILITY = YES_AGGRESSIVE;
				CLANG_WARN_UNREACHABLE_CODE = YES;
				CLANG_WARN__DUPLICATE_METHOD_MATCH = YES;
				COPY_PHASE_STRIP = NO;
				DEBUG_INFORMATION_FORMAT = "dwarf-with-dsym";
				ENABLE_NS_ASSERTIONS = NO;
				ENABLE_STRICT_OBJC_MSGSEND = YES;
				GCC_C_LANGUAGE_STANDARD = gnu11;
				GCC_NO_COMMON_BLOCKS = YES;
				GCC_WARN_64_TO_32_BIT_CONVERSION = YES;
				GCC_WARN_ABOUT_RETURN_TYPE = YES_ERROR;
				GCC_WARN_UNDECLARED_SELECTOR = YES;
				GCC_WARN_UNINITIALIZED_AUTOS = YES_AGGRESSIVE;
				GCC_WARN_UNUSED_FUNCTION = YES;
				GCC_WARN_UNUSED_VARIABLE = YES;
				IPHONEOS_DEPLOYMENT_TARGET = 13.5;
				MTL_ENABLE_DEBUG_INFO = NO;
				MTL_FAST_MATH = YES;
				SDKROOT = iphoneos;
				SWIFT_COMPILATION_MODE = wholemodule;
				SWIFT_OPTIMIZATION_LEVEL = "-O";
				VALIDATE_PRODUCT = YES;
			};
			name = Release;
		};
		A58F05E024881CED006BDE56 /* Debug */ = {
			isa = XCBuildConfiguration;
			buildSettings = {
				ASSETCATALOG_COMPILER_APPICON_NAME = AppIcon;
				CODE_SIGN_STYLE = Automatic;
				DEVELOPMENT_TEAM = TWQL7PLAUC;
				INFOPLIST_FILE = mvp_test/Info.plist;
				LD_RUNPATH_SEARCH_PATHS = (
					"$(inherited)",
					"@executable_path/Frameworks",
				);
				PRODUCT_BUNDLE_IDENTIFIER = "com.me.demogorgonius.mvp-test";
				PRODUCT_NAME = "$(TARGET_NAME)";
				SWIFT_VERSION = 5.0;
				TARGETED_DEVICE_FAMILY = "1,2";
			};
			name = Debug;
		};
		A58F05E124881CED006BDE56 /* Release */ = {
			isa = XCBuildConfiguration;
			buildSettings = {
				ASSETCATALOG_COMPILER_APPICON_NAME = AppIcon;
				CODE_SIGN_STYLE = Automatic;
				DEVELOPMENT_TEAM = TWQL7PLAUC;
				INFOPLIST_FILE = mvp_test/Info.plist;
				LD_RUNPATH_SEARCH_PATHS = (
					"$(inherited)",
					"@executable_path/Frameworks",
				);
				PRODUCT_BUNDLE_IDENTIFIER = "com.me.demogorgonius.mvp-test";
				PRODUCT_NAME = "$(TARGET_NAME)";
				SWIFT_VERSION = 5.0;
				TARGETED_DEVICE_FAMILY = "1,2";
			};
			name = Release;
		};
		A58F05E324881CED006BDE56 /* Debug */ = {
			isa = XCBuildConfiguration;
			buildSettings = {
				ALWAYS_EMBED_SWIFT_STANDARD_LIBRARIES = YES;
				BUNDLE_LOADER = "$(TEST_HOST)";
				CODE_SIGN_STYLE = Automatic;
				DEVELOPMENT_TEAM = TWQL7PLAUC;
				INFOPLIST_FILE = mvp_testTests/Info.plist;
				IPHONEOS_DEPLOYMENT_TARGET = 13.5;
				LD_RUNPATH_SEARCH_PATHS = (
					"$(inherited)",
					"@executable_path/Frameworks",
					"@loader_path/Frameworks",
				);
				PRODUCT_BUNDLE_IDENTIFIER = "com.me.demogorgonius.mvp-testTests";
				PRODUCT_NAME = "$(TARGET_NAME)";
				SWIFT_VERSION = 5.0;
				TARGETED_DEVICE_FAMILY = "1,2";
				TEST_HOST = "$(BUILT_PRODUCTS_DIR)/mvp_test.app/mvp_test";
			};
			name = Debug;
		};
		A58F05E424881CED006BDE56 /* Release */ = {
			isa = XCBuildConfiguration;
			buildSettings = {
				ALWAYS_EMBED_SWIFT_STANDARD_LIBRARIES = YES;
				BUNDLE_LOADER = "$(TEST_HOST)";
				CODE_SIGN_STYLE = Automatic;
				DEVELOPMENT_TEAM = TWQL7PLAUC;
				INFOPLIST_FILE = mvp_testTests/Info.plist;
				IPHONEOS_DEPLOYMENT_TARGET = 13.5;
				LD_RUNPATH_SEARCH_PATHS = (
					"$(inherited)",
					"@executable_path/Frameworks",
					"@loader_path/Frameworks",
				);
				PRODUCT_BUNDLE_IDENTIFIER = "com.me.demogorgonius.mvp-testTests";
				PRODUCT_NAME = "$(TARGET_NAME)";
				SWIFT_VERSION = 5.0;
				TARGETED_DEVICE_FAMILY = "1,2";
				TEST_HOST = "$(BUILT_PRODUCTS_DIR)/mvp_test.app/mvp_test";
			};
			name = Release;
		};
/* End XCBuildConfiguration section */

/* Begin XCConfigurationList section */
		A58F05B824881CEA006BDE56 /* Build configuration list for PBXProject "mvp_test" */ = {
			isa = XCConfigurationList;
			buildConfigurations = (
				A58F05DD24881CED006BDE56 /* Debug */,
				A58F05DE24881CED006BDE56 /* Release */,
			);
			defaultConfigurationIsVisible = 0;
			defaultConfigurationName = Release;
		};
		A58F05DF24881CED006BDE56 /* Build configuration list for PBXNativeTarget "mvp_test" */ = {
			isa = XCConfigurationList;
			buildConfigurations = (
				A58F05E024881CED006BDE56 /* Debug */,
				A58F05E124881CED006BDE56 /* Release */,
			);
			defaultConfigurationIsVisible = 0;
			defaultConfigurationName = Release;
		};
		A58F05E224881CED006BDE56 /* Build configuration list for PBXNativeTarget "mvp_testTests" */ = {
			isa = XCConfigurationList;
			buildConfigurations = (
				A58F05E324881CED006BDE56 /* Debug */,
				A58F05E424881CED006BDE56 /* Release */,
			);
			defaultConfigurationIsVisible = 0;
			defaultConfigurationName = Release;
		};
/* End XCConfigurationList section */

/* Begin XCVersionGroup section */
		A58F05C924881CEA006BDE56 /* mvp_test.xcdatamodeld */ = {
			isa = XCVersionGroup;
			children = (
				A58F05CA24881CEA006BDE56 /* mvp_test.xcdatamodel */,
			);
			currentVersion = A58F05CA24881CEA006BDE56 /* mvp_test.xcdatamodel */;
			path = mvp_test.xcdatamodeld;
			sourceTree = "<group>";
			versionGroupType = wrapper.xcdatamodel;
		};
/* End XCVersionGroup section */
	};
	rootObject = A58F05B524881CEA006BDE56 /* Project object */;
}
